
Microsoft Visual Studio Solution File, Format Version 12.00
Project("{FAE04EC0-301F-11D3-BF4B-00C04F79EFBE}") = "MercuryModder", "MercuryModder\MercuryModder.csproj", "{D03CBA75-D85E-4492-94BD-574383030B68}"
EndProject
Project("{FAE04EC0-301F-11D3-BF4B-00C04F79EFBC}") = "SaturnData", "Lib\SaturnData\SaturnData\SaturnData.csproj", "{F402229E-F422-4408-ADF7-D67706B9DA44}"
EndProject
Global
	GlobalSection(SolutionConfigurationPlatforms) = preSolution
		Debug|Any CPU = Debug|Any CPU
		Release|Any CPU = Release|Any CPU
	EndGlobalSection
	GlobalSection(ProjectConfigurationPlatforms) = postSolution
		{D03CBA75-D85E-4492-94BD-574383030B68}.Debug|Any CPU.ActiveCfg = Debug|Any CPU
		{D03CBA75-D85E-4492-94BD-574383030B68}.Debug|Any CPU.Build.0 = Debug|Any CPU
		{D03CBA75-D85E-4492-94BD-574383030B68}.Release|Any CPU.ActiveCfg = Release|Any CPU
		{D03CBA75-D85E-4492-94BD-574383030B68}.Release|Any CPU.Build.0 = Release|Any CPU
	EndGlobalSection
EndGlobal
